
Microsoft Visual Studio Solution File, Format Version 12.00
# Visual Studio Version 17
VisualStudioVersion = 17.11.35312.102
MinimumVisualStudioVersion = 10.0.40219.1
Project("{FAE04EC0-301F-11D3-BF4B-00C04F79EFBC}") = "WeaponTask", "WeaponTask\WeaponTask.csproj", "{3BA38F82-9080-42DA-8E25-9441028AA075}"
EndProject
Global
	GlobalSection(SolutionConfigurationPlatforms) = preSolution
		Debug|Any CPU = Debug|Any CPU
		Release|Any CPU = Release|Any CPU
	EndGlobalSection
	GlobalSection(ProjectConfigurationPlatforms) = postSolution
		{3BA38F82-9080-42DA-8E25-9441028AA075}.Debug|Any CPU.ActiveCfg = Debug|Any CPU
		{3BA38F82-9080-42DA-8E25-9441028AA075}.Debug|Any CPU.Build.0 = Debug|Any CPU
		{3BA38F82-9080-42DA-8E25-9441028AA075}.Release|Any CPU.ActiveCfg = Release|Any CPU
		{3BA38F82-9080-42DA-8E25-9441028AA075}.Release|Any CPU.Build.0 = Release|Any CPU
	EndGlobalSection
	GlobalSection(SolutionProperties) = preSolution
		HideSolutionNode = FALSE
	EndGlobalSection
	GlobalSection(ExtensibilityGlobals) = postSolution
		SolutionGuid = {25131DEB-02BA-4ADF-BF55-D13EC3821291}
	EndGlobalSection
EndGlobal
